{
  "name": "arabicfmt-examples",
  "version": "1.0.0",
  "lockfileVersion": 3,
  "requires": true,
  "packages": {
    "": {
      "name": "arabicfmt-examples",
      "version": "1.0.0",
      "dependencies": {
        "arabicfmt": "^0.1.2"
      }
    },
    "node_modules/arabicfmt": {
      "version": "0.1.2",
      "resolved": "https://registry.npmjs.org/arabicfmt/-/arabicfmt-0.1.2.tgz",
      "integrity": "sha512-RpN/Xft+H9PWbHoF5Mlb5AZU/2BEQWoKSEJttX7ThMltjQ4ZzLXT7T5qq/6JPX0KRlOimWYYd2YUOaUsfhL/qw==",
      "license": "MIT",
      "engines": {
        "node": ">=18"
      }
    }
  }
}
